
Microsoft Visual Studio Solution File, Format Version 12.00
# Visual Studio Version 17
VisualStudioVersion = 17.7.34003.232
MinimumVisualStudioVersion = 10.0.40219.1
Project("{FAE04EC0-301F-11D3-BF4B-00C04F79EFBC}") = "pr12", "pr12\pr12.csproj", "{84C8D5FA-6704-4466-8033-19CE01993CA7}"
EndProject
Global
	GlobalSection(SolutionConfigurationPlatforms) = preSolution
		Debug|Any CPU = Debug|Any CPU
		Release|Any CPU = Release|Any CPU
	EndGlobalSection
	GlobalSection(ProjectConfigurationPlatforms) = postSolution
		{84C8D5FA-6704-4466-8033-19CE01993CA7}.Debug|Any CPU.ActiveCfg = Debug|Any CPU
		{84C8D5FA-6704-4466-8033-19CE01993CA7}.Debug|Any CPU.Build.0 = Debug|Any CPU
		{84C8D5FA-6704-4466-8033-19CE01993CA7}.Release|Any CPU.ActiveCfg = Release|Any CPU
		{84C8D5FA-6704-4466-8033-19CE01993CA7}.Release|Any CPU.Build.0 = Release|Any CPU
	EndGlobalSection
	GlobalSection(SolutionProperties) = preSolution
		HideSolutionNode = FALSE
	EndGlobalSection
	GlobalSection(ExtensibilityGlobals) = postSolution
		SolutionGuid = {187B4C10-12EE-4E19-84F5-8FACEBEFB9F6}
	EndGlobalSection
EndGlobal
